{
  "version": 4,
  "terraform_version": "1.5.6",
  "serial": 1,
  "lineage": "3cc932ad-cd1c-bb9e-fd34-000731898fd2",
  "outputs": {},
  "resources": [
    {
      "mode": "managed",
      "type": "aws_vpc",
      "name": "mtc_vpc",
      "provider": "provider[\"registry.terraform.io/hashicorp/aws\"]",
      "instances": [
        {
          "schema_version": 1,
          "attributes": {
            "arn": "arn:aws:ec2:eu-west-1:736505802419:vpc/vpc-002d86abef59c0711",
            "assign_generated_ipv6_cidr_block": false,
            "cidr_block": "10.123.0.0/16",
            "default_network_acl_id": "acl-0908ae47f535c7b24",
            "default_route_table_id": "rtb-080e8c42fcb5beb1f",
            "default_security_group_id": "sg-087064024c86eee0a",
            "dhcp_options_id": "dopt-0afce53f238b2a9a7",
            "enable_dns_hostnames": true,
            "enable_dns_support": true,
            "enable_network_address_usage_metrics": false,
            "id": "vpc-002d86abef59c0711",
            "instance_tenancy": "default",
            "ipv4_ipam_pool_id": null,
            "ipv4_netmask_length": null,
            "ipv6_association_id": "",
            "ipv6_cidr_block": "",
            "ipv6_cidr_block_network_border_group": "",
            "ipv6_ipam_pool_id": "",
            "ipv6_netmask_length": 0,
            "main_route_table_id": "rtb-080e8c42fcb5beb1f",
            "owner_id": "736505802419",
            "tags": {
              "Name": "mtc_vpc"
            },
            "tags_all": {
              "Name": "mtc_vpc"
            }
          },
          "sensitive_attributes": [],
          "private": "eyJzY2hlbWFfdmVyc2lvbiI6IjEifQ=="
        }
      ]
    }
  ],
  "check_results": null
}
